// !$*UTF8*$!
{
	archiveVersion = 1;
	classes = {
	};
	objectVersion = 55;
	objects = {

/* Begin PBXBuildFile section */
		D5E39BB428DC1464002F6F9C /* AppDelegate.m in Sources */ = {isa = PBXBuildFile; fileRef = D5E39BB328DC1464002F6F9C /* AppDelegate.m */; };
		D5E39BB728DC1464002F6F9C /* SceneDelegate.m in Sources */ = {isa = PBXBuildFile; fileRef = D5E39BB628DC1464002F6F9C /* SceneDelegate.m */; };
		D5E39BBA28DC1464002F6F9C /* MapViewController.m in Sources */ = {isa = PBXBuildFile; fileRef = D5E39BB928DC1464002F6F9C /* MapViewController.m */; };
		D5E39BBF28DC1466002F6F9C /* Assets.xcassets in Resources */ = {isa = PBXBuildFile; fileRef = D5E39BBE28DC1466002F6F9C /* Assets.xcassets */; };
		D5E39BC228DC1466002F6F9C /* LaunchScreen.storyboard in Resources */ = {isa = PBXBuildFile; fileRef = D5E39BC028DC1466002F6F9C /* LaunchScreen.storyboard */; };
		D5E39BC528DC1466002F6F9C /* main.m in Sources */ = {isa = PBXBuildFile; fileRef = D5E39BC428DC1466002F6F9C /* main.m */; };
		D5E39BCF28DC1466002F6F9C /* InternationalSpaceStation_ObjcTests.m in Sources */ = {isa = PBXBuildFile; fileRef = D5E39BCE28DC1466002F6F9C /* InternationalSpaceStation_ObjcTests.m */; };
		D5E39BEB28DCCD48002F6F9C /* MapView.m in Sources */ = {isa = PBXBuildFile; fileRef = D5E39BEA28DCCD48002F6F9C /* MapView.m */; };
		D5E39BF028DFFBC2002F6F9C /* ISSLocationResponse.m in Sources */ = {isa = PBXBuildFile; fileRef = D5E39BEF28DFFBC2002F6F9C /* ISSLocationResponse.m */; };
		D5E39BF428E00A1C002F6F9C /* MapViewModel.m in Sources */ = {isa = PBXBuildFile; fileRef = D5E39BF328E00A1C002F6F9C /* MapViewModel.m */; };
		D5E39BFC28E0E596002F6F9C /* iss-now.json in Resources */ = {isa = PBXBuildFile; fileRef = D5E39BFB28E0E596002F6F9C /* iss-now.json */; };
		D5E39C0128E0E688002F6F9C /* MockMapDataManager.m in Sources */ = {isa = PBXBuildFile; fileRef = D5E39C0028E0E688002F6F9C /* MockMapDataManager.m */; };
		D5E39C0328E0EC31002F6F9C /* MockMapDataManager.m in Sources */ = {isa = PBXBuildFile; fileRef = D5E39C0028E0E688002F6F9C /* MockMapDataManager.m */; };
		D5E39C0428E14870002F6F9C /* MapDataManager.m in Sources */ = {isa = PBXBuildFile; fileRef = D5E39BF728E00C98002F6F9C /* MapDataManager.m */; };
/* End PBXBuildFile section */

/* Begin PBXContainerItemProxy section */
		D5E39BCB28DC1466002F6F9C /* PBXContainerItemProxy */ = {
			isa = PBXContainerItemProxy;
			containerPortal = D5E39BA728DC1464002F6F9C /* Project object */;
			proxyType = 1;
			remoteGlobalIDString = D5E39BAE28DC1464002F6F9C;
			remoteInfo = "InternationalSpaceStation-Objc";
		};
		D5E39BD528DC1466002F6F9C /* PBXContainerItemProxy */ = {
			isa = PBXContainerItemProxy;
			containerPortal = D5E39BA728DC1464002F6F9C /* Project object */;
			proxyType = 1;
			remoteGlobalIDString = D5E39BAE28DC1464002F6F9C;
			remoteInfo = "InternationalSpaceStation-Objc";
		};
/* End PBXContainerItemProxy section */

/* Begin PBXFileReference section */
		D5E39BAF28DC1464002F6F9C /* InternationalSpaceStation-Objc.app */ = {isa = PBXFileReference; explicitFileType = wrapper.application; includeInIndex = 0; path = "InternationalSpaceStation-Objc.app"; sourceTree = BUILT_PRODUCTS_DIR; };
		D5E39BB228DC1464002F6F9C /* AppDelegate.h */ = {isa = PBXFileReference; lastKnownFileType = sourcecode.c.h; path = AppDelegate.h; sourceTree = "<group>"; };
		D5E39BB328DC1464002F6F9C /* AppDelegate.m */ = {isa = PBXFileReference; lastKnownFileType = sourcecode.c.objc; path = AppDelegate.m; sourceTree = "<group>"; };
		D5E39BB528DC1464002F6F9C /* SceneDelegate.h */ = {isa = PBXFileReference; lastKnownFileType = sourcecode.c.h; path = SceneDelegate.h; sourceTree = "<group>"; };
		D5E39BB628DC1464002F6F9C /* SceneDelegate.m */ = {isa = PBXFileReference; lastKnownFileType = sourcecode.c.objc; path = SceneDelegate.m; sourceTree = "<group>"; };
		D5E39BB828DC1464002F6F9C /* MapViewController.h */ = {isa = PBXFileReference; lastKnownFileType = sourcecode.c.h; path = MapViewController.h; sourceTree = "<group>"; };
		D5E39BB928DC1464002F6F9C /* MapViewController.m */ = {isa = PBXFileReference; lastKnownFileType = sourcecode.c.objc; path = MapViewController.m; sourceTree = "<group>"; };
		D5E39BBE28DC1466002F6F9C /* Assets.xcassets */ = {isa = PBXFileReference; lastKnownFileType = folder.assetcatalog; path = Assets.xcassets; sourceTree = "<group>"; };
		D5E39BC128DC1466002F6F9C /* Base */ = {isa = PBXFileReference; lastKnownFileType = file.storyboard; name = Base; path = Base.lproj/LaunchScreen.storyboard; sourceTree = "<group>"; };
		D5E39BC328DC1466002F6F9C /* Info.plist */ = {isa = PBXFileReference; lastKnownFileType = text.plist.xml; path = Info.plist; sourceTree = "<group>"; };
		D5E39BC428DC1466002F6F9C /* main.m */ = {isa = PBXFileReference; lastKnownFileType = sourcecode.c.objc; path = main.m; sourceTree = "<group>"; };
		D5E39BCA28DC1466002F6F9C /* InternationalSpaceStation-ObjcTests.xctest */ = {isa = PBXFileReference; explicitFileType = wrapper.cfbundle; includeInIndex = 0; path = "InternationalSpaceStation-ObjcTests.xctest"; sourceTree = BUILT_PRODUCTS_DIR; };
		D5E39BCE28DC1466002F6F9C /* InternationalSpaceStation_ObjcTests.m */ = {isa = PBXFileReference; lastKnownFileType = sourcecode.c.objc; path = InternationalSpaceStation_ObjcTests.m; sourceTree = "<group>"; };
		D5E39BD428DC1466002F6F9C /* InternationalSpaceStation-ObjcUITests.xctest */ = {isa = PBXFileReference; explicitFileType = wrapper.cfbundle; includeInIndex = 0; path = "InternationalSpaceStation-ObjcUITests.xctest"; sourceTree = BUILT_PRODUCTS_DIR; };
		D5E39BE928DCCCDB002F6F9C /* MapView.h */ = {isa = PBXFileReference; lastKnownFileType = sourcecode.c.h; path = MapView.h; sourceTree = "<group>"; };
		D5E39BEA28DCCD48002F6F9C /* MapView.m */ = {isa = PBXFileReference; lastKnownFileType = sourcecode.c.objc; path = MapView.m; sourceTree = "<group>"; };
		D5E39BEC28DFF969002F6F9C /* MapViewUpdatable.h */ = {isa = PBXFileReference; lastKnownFileType = sourcecode.c.h; path = MapViewUpdatable.h; sourceTree = "<group>"; };
		D5E39BEE28DFFA26002F6F9C /* ISSLocationResponse.h */ = {isa = PBXFileReference; lastKnownFileType = sourcecode.c.h; path = ISSLocationResponse.h; sourceTree = "<group>"; };
		D5E39BEF28DFFBC2002F6F9C /* ISSLocationResponse.m */ = {isa = PBXFileReference; lastKnownFileType = sourcecode.c.objc; path = ISSLocationResponse.m; sourceTree = "<group>"; };
		D5E39BF228E009E1002F6F9C /* MapViewModel.h */ = {isa = PBXFileReference; lastKnownFileType = sourcecode.c.h; path = MapViewModel.h; sourceTree = "<group>"; };
		D5E39BF328E00A1C002F6F9C /* MapViewModel.m */ = {isa = PBXFileReference; lastKnownFileType = sourcecode.c.objc; path = MapViewModel.m; sourceTree = "<group>"; };
		D5E39BF628E00BA1002F6F9C /* MapDataManaging.h */ = {isa = PBXFileReference; lastKnownFileType = sourcecode.c.h; path = MapDataManaging.h; sourceTree = "<group>"; };
		D5E39BF728E00C98002F6F9C /* MapDataManager.m */ = {isa = PBXFileReference; lastKnownFileType = sourcecode.c.objc; path = MapDataManager.m; sourceTree = "<group>"; };
		D5E39BF928E00CDE002F6F9C /* MapDataManager.h */ = {isa = PBXFileReference; lastKnownFileType = sourcecode.c.h; path = MapDataManager.h; sourceTree = "<group>"; };
		D5E39BFB28E0E596002F6F9C /* iss-now.json */ = {isa = PBXFileReference; fileEncoding = 4; lastKnownFileType = text.json; path = "iss-now.json"; sourceTree = "<group>"; };
		D5E39C0028E0E688002F6F9C /* MockMapDataManager.m */ = {isa = PBXFileReference; lastKnownFileType = sourcecode.c.objc; path = MockMapDataManager.m; sourceTree = "<group>"; };
		D5E39C0228E0EBDF002F6F9C /* MockMapDataManager.h */ = {isa = PBXFileReference; lastKnownFileType = sourcecode.c.h; path = MockMapDataManager.h; sourceTree = "<group>"; };
/* End PBXFileReference section */

/* Begin PBXFrameworksBuildPhase section */
		D5E39BAC28DC1464002F6F9C /* Frameworks */ = {
			isa = PBXFrameworksBuildPhase;
			buildActionMask = 2147483647;
			files = (
			);
			runOnlyForDeploymentPostprocessing = 0;
		};
		D5E39BC728DC1466002F6F9C /* Frameworks */ = {
			isa = PBXFrameworksBuildPhase;
			buildActionMask = 2147483647;
			files = (
			);
			runOnlyForDeploymentPostprocessing = 0;
		};
		D5E39BD128DC1466002F6F9C /* Frameworks */ = {
			isa = PBXFrameworksBuildPhase;
			buildActionMask = 2147483647;
			files = (
			);
			runOnlyForDeploymentPostprocessing = 0;
		};
/* End PBXFrameworksBuildPhase section */

/* Begin PBXGroup section */
		D5E39BA628DC1464002F6F9C = {
			isa = PBXGroup;
			children = (
				D5E39BB128DC1464002F6F9C /* InternationalSpaceStation-Objc */,
				D5E39BCD28DC1466002F6F9C /* InternationalSpaceStation-ObjcTests */,
				D5E39BB028DC1464002F6F9C /* Products */,
			);
			sourceTree = "<group>";
		};
		D5E39BB028DC1464002F6F9C /* Products */ = {
			isa = PBXGroup;
			children = (
				D5E39BAF28DC1464002F6F9C /* InternationalSpaceStation-Objc.app */,
				D5E39BCA28DC1466002F6F9C /* InternationalSpaceStation-ObjcTests.xctest */,
				D5E39BD428DC1466002F6F9C /* InternationalSpaceStation-ObjcUITests.xctest */,
			);
			name = Products;
			sourceTree = "<group>";
		};
		D5E39BB128DC1464002F6F9C /* InternationalSpaceStation-Objc */ = {
			isa = PBXGroup;
			children = (
				D5E39BB228DC1464002F6F9C /* AppDelegate.h */,
				D5E39BB328DC1464002F6F9C /* AppDelegate.m */,
				D5E39BB528DC1464002F6F9C /* SceneDelegate.h */,
				D5E39BB628DC1464002F6F9C /* SceneDelegate.m */,
				D5E39BF528E00B84002F6F9C /* DataManagers */,
				D5E39BED28DFFA0D002F6F9C /* Models */,
				D5E39BE728DCCB70002F6F9C /* Views */,
				D5E39BF128E009B5002F6F9C /* ViewModels */,
				D5E39BBE28DC1466002F6F9C /* Assets.xcassets */,
				D5E39BC028DC1466002F6F9C /* LaunchScreen.storyboard */,
				D5E39BC328DC1466002F6F9C /* Info.plist */,
				D5E39BC428DC1466002F6F9C /* main.m */,
			);
			path = "InternationalSpaceStation-Objc";
			sourceTree = "<group>";
		};
		D5E39BCD28DC1466002F6F9C /* InternationalSpaceStation-ObjcTests */ = {
			isa = PBXGroup;
			children = (
				D5E39BFE28E0E5B5002F6F9C /* DataManagers */,
				D5E39BFA28E0E580002F6F9C /* MockResponse */,
				D5E39BCE28DC1466002F6F9C /* InternationalSpaceStation_ObjcTests.m */,
			);
			path = "InternationalSpaceStation-ObjcTests";
			sourceTree = "<group>";
		};
		D5E39BE728DCCB70002F6F9C /* Views */ = {
			isa = PBXGroup;
			children = (
				D5E39BB828DC1464002F6F9C /* MapViewController.h */,
				D5E39BB928DC1464002F6F9C /* MapViewController.m */,
				D5E39BE828DCCC73002F6F9C /* Subviews */,
			);
			path = Views;
			sourceTree = "<group>";
		};
		D5E39BE828DCCC73002F6F9C /* Subviews */ = {
			isa = PBXGroup;
			children = (
				D5E39BEC28DFF969002F6F9C /* MapViewUpdatable.h */,
				D5E39BE928DCCCDB002F6F9C /* MapView.h */,
				D5E39BEA28DCCD48002F6F9C /* MapView.m */,
			);
			path = Subviews;
			sourceTree = "<group>";
		};
		D5E39BED28DFFA0D002F6F9C /* Models */ = {
			isa = PBXGroup;
			children = (
				D5E39BEE28DFFA26002F6F9C /* ISSLocationResponse.h */,
				D5E39BEF28DFFBC2002F6F9C /* ISSLocationResponse.m */,
			);
			path = Models;
			sourceTree = "<group>";
		};
		D5E39BF128E009B5002F6F9C /* ViewModels */ = {
			isa = PBXGroup;
			children = (
				D5E39BF228E009E1002F6F9C /* MapViewModel.h */,
				D5E39BF328E00A1C002F6F9C /* MapViewModel.m */,
			);
			path = ViewModels;
			sourceTree = "<group>";
		};
		D5E39BF528E00B84002F6F9C /* DataManagers */ = {
			isa = PBXGroup;
			children = (
				D5E39BF628E00BA1002F6F9C /* MapDataManaging.h */,
				D5E39BF928E00CDE002F6F9C /* MapDataManager.h */,
				D5E39BF728E00C98002F6F9C /* MapDataManager.m */,
			);
			path = DataManagers;
			sourceTree = "<group>";
		};
		D5E39BFA28E0E580002F6F9C /* MockResponse */ = {
			isa = PBXGroup;
			children = (
				D5E39BFB28E0E596002F6F9C /* iss-now.json */,
			);
			path = MockResponse;
			sourceTree = "<group>";
		};
		D5E39BFE28E0E5B5002F6F9C /* DataManagers */ = {
			isa = PBXGroup;
			children = (
				D5E39C0228E0EBDF002F6F9C /* MockMapDataManager.h */,
				D5E39C0028E0E688002F6F9C /* MockMapDataManager.m */,
			);
			path = DataManagers;
			sourceTree = "<group>";
		};
/* End PBXGroup section */

/* Begin PBXNativeTarget section */
		D5E39BAE28DC1464002F6F9C /* InternationalSpaceStation-Objc */ = {
			isa = PBXNativeTarget;
			buildConfigurationList = D5E39BDE28DC1466002F6F9C /* Build configuration list for PBXNativeTarget "InternationalSpaceStation-Objc" */;
			buildPhases = (
				D5E39BAB28DC1464002F6F9C /* Sources */,
				D5E39BAC28DC1464002F6F9C /* Frameworks */,
				D5E39BAD28DC1464002F6F9C /* Resources */,
			);
			buildRules = (
			);
			dependencies = (
			);
			name = "InternationalSpaceStation-Objc";
			productName = "InternationalSpaceStation-Objc";
			productReference = D5E39BAF28DC1464002F6F9C /* InternationalSpaceStation-Objc.app */;
			productType = "com.apple.product-type.application";
		};
		D5E39BC928DC1466002F6F9C /* InternationalSpaceStation-ObjcTests */ = {
			isa = PBXNativeTarget;
			buildConfigurationList = D5E39BE128DC1466002F6F9C /* Build configuration list for PBXNativeTarget "InternationalSpaceStation-ObjcTests" */;
			buildPhases = (
				D5E39BC628DC1466002F6F9C /* Sources */,
				D5E39BC728DC1466002F6F9C /* Frameworks */,
				D5E39BC828DC1466002F6F9C /* Resources */,
			);
			buildRules = (
			);
			dependencies = (
				D5E39BCC28DC1466002F6F9C /* PBXTargetDependency */,
			);
			name = "InternationalSpaceStation-ObjcTests";
			productName = "InternationalSpaceStation-ObjcTests";
			productReference = D5E39BCA28DC1466002F6F9C /* InternationalSpaceStation-ObjcTests.xctest */;
			productType = "com.apple.product-type.bundle.unit-test";
		};
		D5E39BD328DC1466002F6F9C /* InternationalSpaceStation-ObjcUITests */ = {
			isa = PBXNativeTarget;
			buildConfigurationList = D5E39BE428DC1466002F6F9C /* Build configuration list for PBXNativeTarget "InternationalSpaceStation-ObjcUITests" */;
			buildPhases = (
				D5E39BD028DC1466002F6F9C /* Sources */,
				D5E39BD128DC1466002F6F9C /* Frameworks */,
				D5E39BD228DC1466002F6F9C /* Resources */,
			);
			buildRules = (
			);
			dependencies = (
				D5E39BD628DC1466002F6F9C /* PBXTargetDependency */,
			);
			name = "InternationalSpaceStation-ObjcUITests";
			productName = "InternationalSpaceStation-ObjcUITests";
			productReference = D5E39BD428DC1466002F6F9C /* InternationalSpaceStation-ObjcUITests.xctest */;
			productType = "com.apple.product-type.bundle.ui-testing";
		};
/* End PBXNativeTarget section */

/* Begin PBXProject section */
		D5E39BA728DC1464002F6F9C /* Project object */ = {
			isa = PBXProject;
			attributes = {
				BuildIndependentTargetsInParallel = 1;
				LastUpgradeCheck = 1320;
				TargetAttributes = {
					D5E39BAE28DC1464002F6F9C = {
						CreatedOnToolsVersion = 13.2.1;
					};
					D5E39BC928DC1466002F6F9C = {
						CreatedOnToolsVersion = 13.2.1;
						TestTargetID = D5E39BAE28DC1464002F6F9C;
					};
					D5E39BD328DC1466002F6F9C = {
						CreatedOnToolsVersion = 13.2.1;
						TestTargetID = D5E39BAE28DC1464002F6F9C;
					};
				};
			};
			buildConfigurationList = D5E39BAA28DC1464002F6F9C /* Build configuration list for PBXProject "InternationalSpaceStation-Objc" */;
			compatibilityVersion = "Xcode 13.0";
			developmentRegion = en;
			hasScannedForEncodings = 0;
			knownRegions = (
				en,
				Base,
			);
			mainGroup = D5E39BA628DC1464002F6F9C;
			productRefGroup = D5E39BB028DC1464002F6F9C /* Products */;
			projectDirPath = "";
			projectRoot = "";
			targets = (
				D5E39BAE28DC1464002F6F9C /* InternationalSpaceStation-Objc */,
				D5E39BC928DC1466002F6F9C /* InternationalSpaceStation-ObjcTests */,
				D5E39BD328DC1466002F6F9C /* InternationalSpaceStation-ObjcUITests */,
			);
		};
/* End PBXProject section */

/* Begin PBXResourcesBuildPhase section */
		D5E39BAD28DC1464002F6F9C /* Resources */ = {
			isa = PBXResourcesBuildPhase;
			buildActionMask = 2147483647;
			files = (
				D5E39BC228DC1466002F6F9C /* LaunchScreen.storyboard in Resources */,
				D5E39BBF28DC1466002F6F9C /* Assets.xcassets in Resources */,
			);
			runOnlyForDeploymentPostprocessing = 0;
		};
		D5E39BC828DC1466002F6F9C /* Resources */ = {
			isa = PBXResourcesBuildPhase;
			buildActionMask = 2147483647;
			files = (
				D5E39BFC28E0E596002F6F9C /* iss-now.json in Resources */,
			);
			runOnlyForDeploymentPostprocessing = 0;
		};
		D5E39BD228DC1466002F6F9C /* Resources */ = {
			isa = PBXResourcesBuildPhase;
			buildActionMask = 2147483647;
			files = (
			);
			runOnlyForDeploymentPostprocessing = 0;
		};
/* End PBXResourcesBuildPhase section */

/* Begin PBXSourcesBuildPhase section */
		D5E39BAB28DC1464002F6F9C /* Sources */ = {
			isa = PBXSourcesBuildPhase;
			buildActionMask = 2147483647;
			files = (
				D5E39BF428E00A1C002F6F9C /* MapViewModel.m in Sources */,
				D5E39BBA28DC1464002F6F9C /* MapViewController.m in Sources */,
				D5E39C0428E14870002F6F9C /* MapDataManager.m in Sources */,
				D5E39BB428DC1464002F6F9C /* AppDelegate.m in Sources */,
				D5E39BC528DC1466002F6F9C /* main.m in Sources */,
				D5E39C0328E0EC31002F6F9C /* MockMapDataManager.m in Sources */,
				D5E39BB728DC1464002F6F9C /* SceneDelegate.m in Sources */,
				D5E39BEB28DCCD48002F6F9C /* MapView.m in Sources */,
				D5E39BF028DFFBC2002F6F9C /* ISSLocationResponse.m in Sources */,
			);
			runOnlyForDeploymentPostprocessing = 0;
		};
		D5E39BC628DC1466002F6F9C /* Sources */ = {
			isa = PBXSourcesBuildPhase;
			buildActionMask = 2147483647;
			files = (
				D5E39C0128E0E688002F6F9C /* MockMapDataManager.m in Sources */,
				D5E39BCF28DC1466002F6F9C /* InternationalSpaceStation_ObjcTests.m in Sources */,
			);
			runOnlyForDeploymentPostprocessing = 0;
		};
		D5E39BD028DC1466002F6F9C /* Sources */ = {
			isa = PBXSourcesBuildPhase;
			buildActionMask = 2147483647;
			files = (
			);
			runOnlyForDeploymentPostprocessing = 0;
		};
/* End PBXSourcesBuildPhase section */

/* Begin PBXTargetDependency section */
		D5E39BCC28DC1466002F6F9C /* PBXTargetDependency */ = {
			isa = PBXTargetDependency;
			target = D5E39BAE28DC1464002F6F9C /* InternationalSpaceStation-Objc */;
			targetProxy = D5E39BCB28DC1466002F6F9C /* PBXContainerItemProxy */;
		};
		D5E39BD628DC1466002F6F9C /* PBXTargetDependency */ = {
			isa = PBXTargetDependency;
			target = D5E39BAE28DC1464002F6F9C /* InternationalSpaceStation-Objc */;
			targetProxy = D5E39BD528DC1466002F6F9C /* PBXContainerItemProxy */;
		};
/* End PBXTargetDependency section */

/* Begin PBXVariantGroup section */
		D5E39BC028DC1466002F6F9C /* LaunchScreen.storyboard */ = {
			isa = PBXVariantGroup;
			children = (
				D5E39BC128DC1466002F6F9C /* Base */,
			);
			name = LaunchScreen.storyboard;
			sourceTree = "<group>";
		};
/* End PBXVariantGroup section */

/* Begin XCBuildConfiguration section */
		D5E39BDC28DC1466002F6F9C /* Debug */ = {
			isa = XCBuildConfiguration;
			buildSettings = {
				ALWAYS_SEARCH_USER_PATHS = NO;
				CLANG_ANALYZER_NONNULL = YES;
				CLANG_ANALYZER_NUMBER_OBJECT_CONVERSION = YES_AGGRESSIVE;
				CLANG_CXX_LANGUAGE_STANDARD = "gnu++17";
				CLANG_CXX_LIBRARY = "libc++";
				CLANG_ENABLE_MODULES = YES;
				CLANG_ENABLE_OBJC_ARC = YES;
				CLANG_ENABLE_OBJC_WEAK = YES;
				CLANG_WARN_BLOCK_CAPTURE_AUTORELEASING = YES;
				CLANG_WARN_BOOL_CONVERSION = YES;
				CLANG_WARN_COMMA = YES;
				CLANG_WARN_CONSTANT_CONVERSION = YES;
				CLANG_WARN_DEPRECATED_OBJC_IMPLEMENTATIONS = YES;
				CLANG_WARN_DIRECT_OBJC_ISA_USAGE = YES_ERROR;
				CLANG_WARN_DOCUMENTATION_COMMENTS = YES;
				CLANG_WARN_EMPTY_BODY = YES;
				CLANG_WARN_ENUM_CONVERSION = YES;
				CLANG_WARN_INFINITE_RECURSION = YES;
				CLANG_WARN_INT_CONVERSION = YES;
				CLANG_WARN_NON_LITERAL_NULL_CONVERSION = YES;
				CLANG_WARN_OBJC_IMPLICIT_RETAIN_SELF = YES;
				CLANG_WARN_OBJC_LITERAL_CONVERSION = YES;
				CLANG_WARN_OBJC_ROOT_CLASS = YES_ERROR;
				CLANG_WARN_QUOTED_INCLUDE_IN_FRAMEWORK_HEADER = YES;
				CLANG_WARN_RANGE_LOOP_ANALYSIS = YES;
				CLANG_WARN_STRICT_PROTOTYPES = YES;
				CLANG_WARN_SUSPICIOUS_MOVE = YES;
				CLANG_WARN_UNGUARDED_AVAILABILITY = YES_AGGRESSIVE;
				CLANG_WARN_UNREACHABLE_CODE = YES;
				CLANG_WARN__DUPLICATE_METHOD_MATCH = YES;
				COPY_PHASE_STRIP = NO;
				DEBUG_INFORMATION_FORMAT = dwarf;
				ENABLE_STRICT_OBJC_MSGSEND = YES;
				ENABLE_TESTABILITY = YES;
				GCC_C_LANGUAGE_STANDARD = gnu11;
				GCC_DYNAMIC_NO_PIC = NO;
				GCC_NO_COMMON_BLOCKS = YES;
				GCC_OPTIMIZATION_LEVEL = 0;
				GCC_PREPROCESSOR_DEFINITIONS = (
					"DEBUG=1",
					"$(inherited)",
				);
				GCC_WARN_64_TO_32_BIT_CONVERSION = YES;
				GCC_WARN_ABOUT_RETURN_TYPE = YES_ERROR;
				GCC_WARN_UNDECLARED_SELECTOR = YES;
				GCC_WARN_UNINITIALIZED_AUTOS = YES_AGGRESSIVE;
				GCC_WARN_UNUSED_FUNCTION = YES;
				GCC_WARN_UNUSED_VARIABLE = YES;
				IPHONEOS_DEPLOYMENT_TARGET = 15.2;
				MTL_ENABLE_DEBUG_INFO = INCLUDE_SOURCE;
				MTL_FAST_MATH = YES;
				ONLY_ACTIVE_ARCH = YES;
				SDKROOT = iphoneos;
			};
			name = Debug;
		};
		D5E39BDD28DC1466002F6F9C /* Release */ = {
			isa = XCBuildConfiguration;
			buildSettings = {
				ALWAYS_SEARCH_USER_PATHS = NO;
				CLANG_ANALYZER_NONNULL = YES;
				CLANG_ANALYZER_NUMBER_OBJECT_CONVERSION = YES_AGGRESSIVE;
				CLANG_CXX_LANGUAGE_STANDARD = "gnu++17";
				CLANG_CXX_LIBRARY = "libc++";
				CLANG_ENABLE_MODULES = YES;
				CLANG_ENABLE_OBJC_ARC = YES;
				CLANG_ENABLE_OBJC_WEAK = YES;
				CLANG_WARN_BLOCK_CAPTURE_AUTORELEASING = YES;
				CLANG_WARN_BOOL_CONVERSION = YES;
				CLANG_WARN_COMMA = YES;
				CLANG_WARN_CONSTANT_CONVERSION = YES;
				CLANG_WARN_DEPRECATED_OBJC_IMPLEMENTATIONS = YES;
				CLANG_WARN_DIRECT_OBJC_ISA_USAGE = YES_ERROR;
				CLANG_WARN_DOCUMENTATION_COMMENTS = YES;
				CLANG_WARN_EMPTY_BODY = YES;
				CLANG_WARN_ENUM_CONVERSION = YES;
				CLANG_WARN_INFINITE_RECURSION = YES;
				CLANG_WARN_INT_CONVERSION = YES;
				CLANG_WARN_NON_LITERAL_NULL_CONVERSION = YES;
				CLANG_WARN_OBJC_IMPLICIT_RETAIN_SELF = YES;
				CLANG_WARN_OBJC_LITERAL_CONVERSION = YES;
				CLANG_WARN_OBJC_ROOT_CLASS = YES_ERROR;
				CLANG_WARN_QUOTED_INCLUDE_IN_FRAMEWORK_HEADER = YES;
				CLANG_WARN_RANGE_LOOP_ANALYSIS = YES;
				CLANG_WARN_STRICT_PROTOTYPES = YES;
				CLANG_WARN_SUSPICIOUS_MOVE = YES;
				CLANG_WARN_UNGUARDED_AVAILABILITY = YES_AGGRESSIVE;
				CLANG_WARN_UNREACHABLE_CODE = YES;
				CLANG_WARN__DUPLICATE_METHOD_MATCH = YES;
				COPY_PHASE_STRIP = NO;
				DEBUG_INFORMATION_FORMAT = "dwarf-with-dsym";
				ENABLE_NS_ASSERTIONS = NO;
				ENABLE_STRICT_OBJC_MSGSEND = YES;
				GCC_C_LANGUAGE_STANDARD = gnu11;
				GCC_NO_COMMON_BLOCKS = YES;
				GCC_WARN_64_TO_32_BIT_CONVERSION = YES;
				GCC_WARN_ABOUT_RETURN_TYPE = YES_ERROR;
				GCC_WARN_UNDECLARED_SELECTOR = YES;
				GCC_WARN_UNINITIALIZED_AUTOS = YES_AGGRESSIVE;
				GCC_WARN_UNUSED_FUNCTION = YES;
				GCC_WARN_UNUSED_VARIABLE = YES;
				IPHONEOS_DEPLOYMENT_TARGET = 15.2;
				MTL_ENABLE_DEBUG_INFO = NO;
				MTL_FAST_MATH = YES;
				SDKROOT = iphoneos;
				VALIDATE_PRODUCT = YES;
			};
			name = Release;
		};
		D5E39BDF28DC1466002F6F9C /* Debug */ = {
			isa = XCBuildConfiguration;
			buildSettings = {
				ASSETCATALOG_COMPILER_APPICON_NAME = AppIcon;
				ASSETCATALOG_COMPILER_GLOBAL_ACCENT_COLOR_NAME = AccentColor;
				CODE_SIGN_STYLE = Automatic;
				CURRENT_PROJECT_VERSION = 1;
				DEVELOPMENT_TEAM = 5H9LF74GEN;
				GENERATE_INFOPLIST_FILE = YES;
				INFOPLIST_FILE = "InternationalSpaceStation-Objc/Info.plist";
				INFOPLIST_KEY_UIApplicationSupportsIndirectInputEvents = YES;
				INFOPLIST_KEY_UILaunchStoryboardName = LaunchScreen;
				INFOPLIST_KEY_UISupportedInterfaceOrientations_iPad = "UIInterfaceOrientationPortrait UIInterfaceOrientationPortraitUpsideDown UIInterfaceOrientationLandscapeLeft UIInterfaceOrientationLandscapeRight";
				INFOPLIST_KEY_UISupportedInterfaceOrientations_iPhone = "UIInterfaceOrientationPortrait UIInterfaceOrientationLandscapeLeft UIInterfaceOrientationLandscapeRight";
				LD_RUNPATH_SEARCH_PATHS = (
					"$(inherited)",
					"@executable_path/Frameworks",
				);
				MARKETING_VERSION = 1.0;
				PRODUCT_BUNDLE_IDENTIFIER = "Dylan-Chen.InternationalSpaceStation-Objc";
				PRODUCT_NAME = "$(TARGET_NAME)";
				SWIFT_EMIT_LOC_STRINGS = YES;
				TARGETED_DEVICE_FAMILY = "1,2";
			};
			name = Debug;
		};
		D5E39BE028DC1466002F6F9C /* Release */ = {
			isa = XCBuildConfiguration;
			buildSettings = {
				ASSETCATALOG_COMPILER_APPICON_NAME = AppIcon;
				ASSETCATALOG_COMPILER_GLOBAL_ACCENT_COLOR_NAME = AccentColor;
				CODE_SIGN_STYLE = Automatic;
				CURRENT_PROJECT_VERSION = 1;
				DEVELOPMENT_TEAM = 5H9LF74GEN;
				GENERATE_INFOPLIST_FILE = YES;
				INFOPLIST_FILE = "InternationalSpaceStation-Objc/Info.plist";
				INFOPLIST_KEY_UIApplicationSupportsIndirectInputEvents = YES;
				INFOPLIST_KEY_UILaunchStoryboardName = LaunchScreen;
				INFOPLIST_KEY_UISupportedInterfaceOrientations_iPad = "UIInterfaceOrientationPortrait UIInterfaceOrientationPortraitUpsideDown UIInterfaceOrientationLandscapeLeft UIInterfaceOrientationLandscapeRight";
				INFOPLIST_KEY_UISupportedInterfaceOrientations_iPhone = "UIInterfaceOrientationPortrait UIInterfaceOrientationLandscapeLeft UIInterfaceOrientationLandscapeRight";
				LD_RUNPATH_SEARCH_PATHS = (
					"$(inherited)",
					"@executable_path/Frameworks",
				);
				MARKETING_VERSION = 1.0;
				PRODUCT_BUNDLE_IDENTIFIER = "Dylan-Chen.InternationalSpaceStation-Objc";
				PRODUCT_NAME = "$(TARGET_NAME)";
				SWIFT_EMIT_LOC_STRINGS = YES;
				TARGETED_DEVICE_FAMILY = "1,2";
			};
			name = Release;
		};
		D5E39BE228DC1466002F6F9C /* Debug */ = {
			isa = XCBuildConfiguration;
			buildSettings = {
				BUNDLE_LOADER = "$(TEST_HOST)";
				CODE_SIGN_STYLE = Automatic;
				CURRENT_PROJECT_VERSION = 1;
				DEVELOPMENT_TEAM = 5H9LF74GEN;
				GENERATE_INFOPLIST_FILE = YES;
				IPHONEOS_DEPLOYMENT_TARGET = 15.2;
				MARKETING_VERSION = 1.0;
				PRODUCT_BUNDLE_IDENTIFIER = "Dylan-Chen.InternationalSpaceStation-ObjcTests";
				PRODUCT_NAME = "$(TARGET_NAME)";
				SWIFT_EMIT_LOC_STRINGS = NO;
				TARGETED_DEVICE_FAMILY = "1,2";
				TEST_HOST = "$(BUILT_PRODUCTS_DIR)/InternationalSpaceStation-Objc.app/InternationalSpaceStation-Objc";
			};
			name = Debug;
		};
		D5E39BE328DC1466002F6F9C /* Release */ = {
			isa = XCBuildConfiguration;
			buildSettings = {
				BUNDLE_LOADER = "$(TEST_HOST)";
				CODE_SIGN_STYLE = Automatic;
				CURRENT_PROJECT_VERSION = 1;
				DEVELOPMENT_TEAM = 5H9LF74GEN;
				GENERATE_INFOPLIST_FILE = YES;
				IPHONEOS_DEPLOYMENT_TARGET = 15.2;
				MARKETING_VERSION = 1.0;
				PRODUCT_BUNDLE_IDENTIFIER = "Dylan-Chen.InternationalSpaceStation-ObjcTests";
				PRODUCT_NAME = "$(TARGET_NAME)";
				SWIFT_EMIT_LOC_STRINGS = NO;
				TARGETED_DEVICE_FAMILY = "1,2";
				TEST_HOST = "$(BUILT_PRODUCTS_DIR)/InternationalSpaceStation-Objc.app/InternationalSpaceStation-Objc";
			};
			name = Release;
		};
		D5E39BE528DC1466002F6F9C /* Debug */ = {
			isa = XCBuildConfiguration;
			buildSettings = {
				CODE_SIGN_STYLE = Automatic;
				CURRENT_PROJECT_VERSION = 1;
				DEVELOPMENT_TEAM = 5H9LF74GEN;
				GENERATE_INFOPLIST_FILE = YES;
				MARKETING_VERSION = 1.0;
				PRODUCT_BUNDLE_IDENTIFIER = "Dylan-Chen.InternationalSpaceStation-ObjcUITests";
				PRODUCT_NAME = "$(TARGET_NAME)";
				SWIFT_EMIT_LOC_STRINGS = NO;
				TARGETED_DEVICE_FAMILY = "1,2";
				TEST_TARGET_NAME = "InternationalSpaceStation-Objc";
			};
			name = Debug;
		};
		D5E39BE628DC1466002F6F9C /* Release */ = {
			isa = XCBuildConfiguration;
			buildSettings = {
				CODE_SIGN_STYLE = Automatic;
				CURRENT_PROJECT_VERSION = 1;
				DEVELOPMENT_TEAM = 5H9LF74GEN;
				GENERATE_INFOPLIST_FILE = YES;
				MARKETING_VERSION = 1.0;
				PRODUCT_BUNDLE_IDENTIFIER = "Dylan-Chen.InternationalSpaceStation-ObjcUITests";
				PRODUCT_NAME = "$(TARGET_NAME)";
				SWIFT_EMIT_LOC_STRINGS = NO;
				TARGETED_DEVICE_FAMILY = "1,2";
				TEST_TARGET_NAME = "InternationalSpaceStation-Objc";
			};
			name = Release;
		};
/* End XCBuildConfiguration section */

/* Begin XCConfigurationList section */
		D5E39BAA28DC1464002F6F9C /* Build configuration list for PBXProject "InternationalSpaceStation-Objc" */ = {
			isa = XCConfigurationList;
			buildConfigurations = (
				D5E39BDC28DC1466002F6F9C /* Debug */,
				D5E39BDD28DC1466002F6F9C /* Release */,
			);
			defaultConfigurationIsVisible = 0;
			defaultConfigurationName = Release;
		};
		D5E39BDE28DC1466002F6F9C /* Build configuration list for PBXNativeTarget "InternationalSpaceStation-Objc" */ = {
			isa = XCConfigurationList;
			buildConfigurations = (
				D5E39BDF28DC1466002F6F9C /* Debug */,
				D5E39BE028DC1466002F6F9C /* Release */,
			);
			defaultConfigurationIsVisible = 0;
			defaultConfigurationName = Release;
		};
		D5E39BE128DC1466002F6F9C /* Build configuration list for PBXNativeTarget "InternationalSpaceStation-ObjcTests" */ = {
			isa = XCConfigurationList;
			buildConfigurations = (
				D5E39BE228DC1466002F6F9C /* Debug */,
				D5E39BE328DC1466002F6F9C /* Release */,
			);
			defaultConfigurationIsVisible = 0;
			defaultConfigurationName = Release;
		};
		D5E39BE428DC1466002F6F9C /* Build configuration list for PBXNativeTarget "InternationalSpaceStation-ObjcUITests" */ = {
			isa = XCConfigurationList;
			buildConfigurations = (
				D5E39BE528DC1466002F6F9C /* Debug */,
				D5E39BE628DC1466002F6F9C /* Release */,
			);
			defaultConfigurationIsVisible = 0;
			defaultConfigurationName = Release;
		};
/* End XCConfigurationList section */
	};
	rootObject = D5E39BA728DC1464002F6F9C /* Project object */;
}
